
Microsoft Visual Studio Solution File, Format Version 12.00
# Visual Studio Version 17
VisualStudioVersion = 17.7.34031.279
MinimumVisualStudioVersion = 10.0.40219.1
Project("{FAE04EC0-301F-11D3-BF4B-00C04F79EFBC}") = "10 a 10luk dizi", "10 a 10luk dizi\10 a 10luk dizi.csproj", "{07DBF39F-C942-4959-9CF8-C34FC97BF737}"
EndProject
Global
	GlobalSection(SolutionConfigurationPlatforms) = preSolution
		Debug|Any CPU = Debug|Any CPU
		Release|Any CPU = Release|Any CPU
	EndGlobalSection
	GlobalSection(ProjectConfigurationPlatforms) = postSolution
		{07DBF39F-C942-4959-9CF8-C34FC97BF737}.Debug|Any CPU.ActiveCfg = Debug|Any CPU
		{07DBF39F-C942-4959-9CF8-C34FC97BF737}.Debug|Any CPU.Build.0 = Debug|Any CPU
		{07DBF39F-C942-4959-9CF8-C34FC97BF737}.Release|Any CPU.ActiveCfg = Release|Any CPU
		{07DBF39F-C942-4959-9CF8-C34FC97BF737}.Release|Any CPU.Build.0 = Release|Any CPU
	EndGlobalSection
	GlobalSection(SolutionProperties) = preSolution
		HideSolutionNode = FALSE
	EndGlobalSection
	GlobalSection(ExtensibilityGlobals) = postSolution
		SolutionGuid = {E54A0F96-1E08-45D4-8EE1-B6B8701A8821}
	EndGlobalSection
EndGlobal
